
Microsoft Visual Studio Solution File, Format Version 12.00
# Visual Studio 2013
VisualStudioVersion = 12.0.30723.0
MinimumVisualStudioVersion = 10.0.40219.1
Project("{FAE04EC0-301F-11D3-BF4B-00C04F79EFBC}") = "Kysama´s Blitzcrank", "Kysama´s Blitzcrank.csproj", "{8E7759B2-4396-4721-A15E-5DBFC8BC9BCD}"
EndProject
Global
	GlobalSection(SolutionConfigurationPlatforms) = preSolution
		Debug|Any CPU = Debug|Any CPU
		Release|Any CPU = Release|Any CPU
	EndGlobalSection
	GlobalSection(ProjectConfigurationPlatforms) = postSolution
		{8E7759B2-4396-4721-A15E-5DBFC8BC9BCD}.Debug|Any CPU.ActiveCfg = Debug|Any CPU
		{8E7759B2-4396-4721-A15E-5DBFC8BC9BCD}.Debug|Any CPU.Build.0 = Debug|Any CPU
		{8E7759B2-4396-4721-A15E-5DBFC8BC9BCD}.Release|Any CPU.ActiveCfg = Release|Any CPU
		{8E7759B2-4396-4721-A15E-5DBFC8BC9BCD}.Release|Any CPU.Build.0 = Release|Any CPU
	EndGlobalSection
	GlobalSection(SolutionProperties) = preSolution
		HideSolutionNode = FALSE
	EndGlobalSection
EndGlobal
